
Microsoft Visual Studio Solution File, Format Version 12.00
# Visual Studio 15
VisualStudioVersion = 15.0.28307.572
MinimumVisualStudioVersion = 10.0.40219.1
Project("{FAE04EC0-301F-11D3-BF4B-00C04F79EFBC}") = "SQLConnStrTester", "SQLConnStrTester\SQLConnStrTester.csproj", "{71A91505-BFBD-462A-A4D2-19D2190CD897}"
EndProject
Global
	GlobalSection(SolutionConfigurationPlatforms) = preSolution
		Debug|Any CPU = Debug|Any CPU
		Release|Any CPU = Release|Any CPU
	EndGlobalSection
	GlobalSection(ProjectConfigurationPlatforms) = postSolution
		{71A91505-BFBD-462A-A4D2-19D2190CD897}.Debug|Any CPU.ActiveCfg = Debug|Any CPU
		{71A91505-BFBD-462A-A4D2-19D2190CD897}.Debug|Any CPU.Build.0 = Debug|Any CPU
		{71A91505-BFBD-462A-A4D2-19D2190CD897}.Release|Any CPU.ActiveCfg = Release|Any CPU
		{71A91505-BFBD-462A-A4D2-19D2190CD897}.Release|Any CPU.Build.0 = Release|Any CPU
	EndGlobalSection
	GlobalSection(SolutionProperties) = preSolution
		HideSolutionNode = FALSE
	EndGlobalSection
	GlobalSection(ExtensibilityGlobals) = postSolution
		SolutionGuid = {B59C45D3-90C5-409B-9674-71FCD861CE77}
	EndGlobalSection
EndGlobal
